// !$*UTF8*$!
{
	archiveVersion = 1;
	classes = {
	};
	objectVersion = 51;
	objects = {

/* Begin PBXBuildFile section */
		456E4675EEA91B367F228721 /* Pods_TWUtilsDemo.framework in Frameworks */ = {isa = PBXBuildFile; fileRef = 6F63DD8514FA0857FFBF1F60 /* Pods_TWUtilsDemo.framework */; };
		A980E06A264BC3D60064456F /* AppDelegate.m in Sources */ = {isa = PBXBuildFile; fileRef = A980E069264BC3D60064456F /* AppDelegate.m */; };
		A980E06D264BC3D70064456F /* SceneDelegate.m in Sources */ = {isa = PBXBuildFile; fileRef = A980E06C264BC3D70064456F /* SceneDelegate.m */; };
		A980E070264BC3D70064456F /* ViewController.m in Sources */ = {isa = PBXBuildFile; fileRef = A980E06F264BC3D70064456F /* ViewController.m */; };
		A980E073264BC3D70064456F /* Main.storyboard in Resources */ = {isa = PBXBuildFile; fileRef = A980E071264BC3D70064456F /* Main.storyboard */; };
		A980E075264BC3DD0064456F /* Assets.xcassets in Resources */ = {isa = PBXBuildFile; fileRef = A980E074264BC3DD0064456F /* Assets.xcassets */; };
		A980E078264BC3DD0064456F /* LaunchScreen.storyboard in Resources */ = {isa = PBXBuildFile; fileRef = A980E076264BC3DD0064456F /* LaunchScreen.storyboard */; };
		A980E07B264BC3DD0064456F /* main.m in Sources */ = {isa = PBXBuildFile; fileRef = A980E07A264BC3DD0064456F /* main.m */; };
		A980E0B3264BD3350064456F /* UIView+TWAdd.m in Sources */ = {isa = PBXBuildFile; fileRef = A980E0A5264BD3350064456F /* UIView+TWAdd.m */; };
		A980E0B4264BD3350064456F /* NSObject+TWAdd.m in Sources */ = {isa = PBXBuildFile; fileRef = A980E0A7264BD3350064456F /* NSObject+TWAdd.m */; };
		A980E0B5264BD3350064456F /* UIColor+TWAdd.m in Sources */ = {isa = PBXBuildFile; fileRef = A980E0AA264BD3350064456F /* UIColor+TWAdd.m */; };
		A980E0B6264BD3350064456F /* NSArray+TWAdd.m in Sources */ = {isa = PBXBuildFile; fileRef = A980E0AB264BD3350064456F /* NSArray+TWAdd.m */; };
		A980E0B7264BD3350064456F /* UIFont+TWAdd.m in Sources */ = {isa = PBXBuildFile; fileRef = A980E0AC264BD3350064456F /* UIFont+TWAdd.m */; };
		A980E0B8264BD3350064456F /* UITableViewCell+TWAdd.m in Sources */ = {isa = PBXBuildFile; fileRef = A980E0AE264BD3350064456F /* UITableViewCell+TWAdd.m */; };
		A980E0B9264BD3350064456F /* NSString+TWAdd.m in Sources */ = {isa = PBXBuildFile; fileRef = A980E0B0264BD3350064456F /* NSString+TWAdd.m */; };
		A980E0CF264BD3D80064456F /* TWProgressHD.m in Sources */ = {isa = PBXBuildFile; fileRef = A980E0C9264BD3D80064456F /* TWProgressHD.m */; };
		A980E0D0264BD3D80064456F /* TWCommonUtils.m in Sources */ = {isa = PBXBuildFile; fileRef = A980E0CE264BD3D80064456F /* TWCommonUtils.m */; };
		A980E0D7264BDA080064456F /* TWAppRequest.m in Sources */ = {isa = PBXBuildFile; fileRef = A980E0D6264BDA080064456F /* TWAppRequest.m */; };
/* End PBXBuildFile section */

/* Begin PBXFileReference section */
		5A7D5C0A8F9205EB18BDE03A /* Pods-TWUtilsDemo.release.xcconfig */ = {isa = PBXFileReference; includeInIndex = 1; lastKnownFileType = text.xcconfig; name = "Pods-TWUtilsDemo.release.xcconfig"; path = "Target Support Files/Pods-TWUtilsDemo/Pods-TWUtilsDemo.release.xcconfig"; sourceTree = "<group>"; };
		6F63DD8514FA0857FFBF1F60 /* Pods_TWUtilsDemo.framework */ = {isa = PBXFileReference; explicitFileType = wrapper.framework; includeInIndex = 0; path = Pods_TWUtilsDemo.framework; sourceTree = BUILT_PRODUCTS_DIR; };
		A980E065264BC3D60064456F /* TWUtilsDemo.app */ = {isa = PBXFileReference; explicitFileType = wrapper.application; includeInIndex = 0; path = TWUtilsDemo.app; sourceTree = BUILT_PRODUCTS_DIR; };
		A980E068264BC3D60064456F /* AppDelegate.h */ = {isa = PBXFileReference; lastKnownFileType = sourcecode.c.h; path = AppDelegate.h; sourceTree = "<group>"; };
		A980E069264BC3D60064456F /* AppDelegate.m */ = {isa = PBXFileReference; lastKnownFileType = sourcecode.c.objc; path = AppDelegate.m; sourceTree = "<group>"; };
		A980E06B264BC3D70064456F /* SceneDelegate.h */ = {isa = PBXFileReference; lastKnownFileType = sourcecode.c.h; path = SceneDelegate.h; sourceTree = "<group>"; };
		A980E06C264BC3D70064456F /* SceneDelegate.m */ = {isa = PBXFileReference; lastKnownFileType = sourcecode.c.objc; path = SceneDelegate.m; sourceTree = "<group>"; };
		A980E06E264BC3D70064456F /* ViewController.h */ = {isa = PBXFileReference; lastKnownFileType = sourcecode.c.h; path = ViewController.h; sourceTree = "<group>"; };
		A980E06F264BC3D70064456F /* ViewController.m */ = {isa = PBXFileReference; lastKnownFileType = sourcecode.c.objc; path = ViewController.m; sourceTree = "<group>"; };
		A980E072264BC3D70064456F /* Base */ = {isa = PBXFileReference; lastKnownFileType = file.storyboard; name = Base; path = Base.lproj/Main.storyboard; sourceTree = "<group>"; };
		A980E074264BC3DD0064456F /* Assets.xcassets */ = {isa = PBXFileReference; lastKnownFileType = folder.assetcatalog; path = Assets.xcassets; sourceTree = "<group>"; };
		A980E077264BC3DD0064456F /* Base */ = {isa = PBXFileReference; lastKnownFileType = file.storyboard; name = Base; path = Base.lproj/LaunchScreen.storyboard; sourceTree = "<group>"; };
		A980E079264BC3DD0064456F /* Info.plist */ = {isa = PBXFileReference; lastKnownFileType = text.plist.xml; path = Info.plist; sourceTree = "<group>"; };
		A980E07A264BC3DD0064456F /* main.m */ = {isa = PBXFileReference; lastKnownFileType = sourcecode.c.objc; path = main.m; sourceTree = "<group>"; };
		A980E0A5264BD3350064456F /* UIView+TWAdd.m */ = {isa = PBXFileReference; fileEncoding = 4; lastKnownFileType = sourcecode.c.objc; path = "UIView+TWAdd.m"; sourceTree = "<group>"; };
		A980E0A6264BD3350064456F /* UIFont+TWAdd.h */ = {isa = PBXFileReference; fileEncoding = 4; lastKnownFileType = sourcecode.c.h; path = "UIFont+TWAdd.h"; sourceTree = "<group>"; };
		A980E0A7264BD3350064456F /* NSObject+TWAdd.m */ = {isa = PBXFileReference; fileEncoding = 4; lastKnownFileType = sourcecode.c.objc; path = "NSObject+TWAdd.m"; sourceTree = "<group>"; };
		A980E0A8264BD3350064456F /* NSString+TWAdd.h */ = {isa = PBXFileReference; fileEncoding = 4; lastKnownFileType = sourcecode.c.h; path = "NSString+TWAdd.h"; sourceTree = "<group>"; };
		A980E0A9264BD3350064456F /* UITableViewCell+TWAdd.h */ = {isa = PBXFileReference; fileEncoding = 4; lastKnownFileType = sourcecode.c.h; path = "UITableViewCell+TWAdd.h"; sourceTree = "<group>"; };
		A980E0AA264BD3350064456F /* UIColor+TWAdd.m */ = {isa = PBXFileReference; fileEncoding = 4; lastKnownFileType = sourcecode.c.objc; path = "UIColor+TWAdd.m"; sourceTree = "<group>"; };
		A980E0AB264BD3350064456F /* NSArray+TWAdd.m */ = {isa = PBXFileReference; fileEncoding = 4; lastKnownFileType = sourcecode.c.objc; path = "NSArray+TWAdd.m"; sourceTree = "<group>"; };
		A980E0AC264BD3350064456F /* UIFont+TWAdd.m */ = {isa = PBXFileReference; fileEncoding = 4; lastKnownFileType = sourcecode.c.objc; path = "UIFont+TWAdd.m"; sourceTree = "<group>"; };
		A980E0AD264BD3350064456F /* UIView+TWAdd.h */ = {isa = PBXFileReference; fileEncoding = 4; lastKnownFileType = sourcecode.c.h; path = "UIView+TWAdd.h"; sourceTree = "<group>"; };
		A980E0AE264BD3350064456F /* UITableViewCell+TWAdd.m */ = {isa = PBXFileReference; fileEncoding = 4; lastKnownFileType = sourcecode.c.objc; path = "UITableViewCell+TWAdd.m"; sourceTree = "<group>"; };
		A980E0AF264BD3350064456F /* NSObject+TWAdd.h */ = {isa = PBXFileReference; fileEncoding = 4; lastKnownFileType = sourcecode.c.h; path = "NSObject+TWAdd.h"; sourceTree = "<group>"; };
		A980E0B0264BD3350064456F /* NSString+TWAdd.m */ = {isa = PBXFileReference; fileEncoding = 4; lastKnownFileType = sourcecode.c.objc; path = "NSString+TWAdd.m"; sourceTree = "<group>"; };
		A980E0B1264BD3350064456F /* UIColor+TWAdd.h */ = {isa = PBXFileReference; fileEncoding = 4; lastKnownFileType = sourcecode.c.h; path = "UIColor+TWAdd.h"; sourceTree = "<group>"; };
		A980E0B2264BD3350064456F /* NSArray+TWAdd.h */ = {isa = PBXFileReference; fileEncoding = 4; lastKnownFileType = sourcecode.c.h; path = "NSArray+TWAdd.h"; sourceTree = "<group>"; };
		A980E0C7264BD3D80064456F /* TWUtils.h */ = {isa = PBXFileReference; fileEncoding = 4; lastKnownFileType = sourcecode.c.h; path = TWUtils.h; sourceTree = "<group>"; };
		A980E0C9264BD3D80064456F /* TWProgressHD.m */ = {isa = PBXFileReference; fileEncoding = 4; lastKnownFileType = sourcecode.c.objc; path = TWProgressHD.m; sourceTree = "<group>"; };
		A980E0CA264BD3D80064456F /* TWAppMacro.h */ = {isa = PBXFileReference; fileEncoding = 4; lastKnownFileType = sourcecode.c.h; path = TWAppMacro.h; sourceTree = "<group>"; };
		A980E0CB264BD3D80064456F /* TWCommonUtils.h */ = {isa = PBXFileReference; fileEncoding = 4; lastKnownFileType = sourcecode.c.h; path = TWCommonUtils.h; sourceTree = "<group>"; };
		A980E0CC264BD3D80064456F /* TWProgressHD.h */ = {isa = PBXFileReference; fileEncoding = 4; lastKnownFileType = sourcecode.c.h; path = TWProgressHD.h; sourceTree = "<group>"; };
		A980E0CD264BD3D80064456F /* TWAPPConfig.h */ = {isa = PBXFileReference; fileEncoding = 4; lastKnownFileType = sourcecode.c.h; path = TWAPPConfig.h; sourceTree = "<group>"; };
		A980E0CE264BD3D80064456F /* TWCommonUtils.m */ = {isa = PBXFileReference; fileEncoding = 4; lastKnownFileType = sourcecode.c.objc; path = TWCommonUtils.m; sourceTree = "<group>"; };
		A980E0D5264BDA080064456F /* TWAppRequest.h */ = {isa = PBXFileReference; fileEncoding = 4; lastKnownFileType = sourcecode.c.h; path = TWAppRequest.h; sourceTree = "<group>"; };
		A980E0D6264BDA080064456F /* TWAppRequest.m */ = {isa = PBXFileReference; fileEncoding = 4; lastKnownFileType = sourcecode.c.objc; path = TWAppRequest.m; sourceTree = "<group>"; };
		C7657D1D3325EAC856F3A9D4 /* Pods-TWUtilsDemo.debug.xcconfig */ = {isa = PBXFileReference; includeInIndex = 1; lastKnownFileType = text.xcconfig; name = "Pods-TWUtilsDemo.debug.xcconfig"; path = "Target Support Files/Pods-TWUtilsDemo/Pods-TWUtilsDemo.debug.xcconfig"; sourceTree = "<group>"; };
/* End PBXFileReference section */

/* Begin PBXFrameworksBuildPhase section */
		A980E062264BC3D60064456F /* Frameworks */ = {
			isa = PBXFrameworksBuildPhase;
			buildActionMask = 2147483647;
			files = (
				456E4675EEA91B367F228721 /* Pods_TWUtilsDemo.framework in Frameworks */,
			);
			runOnlyForDeploymentPostprocessing = 0;
		};
/* End PBXFrameworksBuildPhase section */

/* Begin PBXGroup section */
		2EB218520B3514A5A03C1C48 /* Frameworks */ = {
			isa = PBXGroup;
			children = (
				6F63DD8514FA0857FFBF1F60 /* Pods_TWUtilsDemo.framework */,
			);
			name = Frameworks;
			sourceTree = "<group>";
		};
		A980E05C264BC3D60064456F = {
			isa = PBXGroup;
			children = (
				A980E067264BC3D60064456F /* TWUtilsDemo */,
				A980E066264BC3D60064456F /* Products */,
				ECBC3B68DCC1070D65B72DE5 /* Pods */,
				2EB218520B3514A5A03C1C48 /* Frameworks */,
			);
			sourceTree = "<group>";
		};
		A980E066264BC3D60064456F /* Products */ = {
			isa = PBXGroup;
			children = (
				A980E065264BC3D60064456F /* TWUtilsDemo.app */,
			);
			name = Products;
			sourceTree = "<group>";
		};
		A980E067264BC3D60064456F /* TWUtilsDemo */ = {
			isa = PBXGroup;
			children = (
				A980E082264BC41F0064456F /* TWUtils */,
				A980E068264BC3D60064456F /* AppDelegate.h */,
				A980E069264BC3D60064456F /* AppDelegate.m */,
				A980E06B264BC3D70064456F /* SceneDelegate.h */,
				A980E06C264BC3D70064456F /* SceneDelegate.m */,
				A980E06E264BC3D70064456F /* ViewController.h */,
				A980E06F264BC3D70064456F /* ViewController.m */,
				A980E071264BC3D70064456F /* Main.storyboard */,
				A980E074264BC3DD0064456F /* Assets.xcassets */,
				A980E076264BC3DD0064456F /* LaunchScreen.storyboard */,
				A980E079264BC3DD0064456F /* Info.plist */,
				A980E07A264BC3DD0064456F /* main.m */,
			);
			path = TWUtilsDemo;
			sourceTree = "<group>";
		};
		A980E082264BC41F0064456F /* TWUtils */ = {
			isa = PBXGroup;
			children = (
				A980E0C7264BD3D80064456F /* TWUtils.h */,
				A980E0C8264BD3D80064456F /* Base */,
				A980E0A4264BD3350064456F /* Categories */,
				A980E0D4264BDA080064456F /* API */,
			);
			path = TWUtils;
			sourceTree = "<group>";
		};
		A980E0A4264BD3350064456F /* Categories */ = {
			isa = PBXGroup;
			children = (
				A980E0AF264BD3350064456F /* NSObject+TWAdd.h */,
				A980E0A7264BD3350064456F /* NSObject+TWAdd.m */,
				A980E0B2264BD3350064456F /* NSArray+TWAdd.h */,
				A980E0AB264BD3350064456F /* NSArray+TWAdd.m */,
				A980E0A8264BD3350064456F /* NSString+TWAdd.h */,
				A980E0B0264BD3350064456F /* NSString+TWAdd.m */,
				A980E0B1264BD3350064456F /* UIColor+TWAdd.h */,
				A980E0AA264BD3350064456F /* UIColor+TWAdd.m */,
				A980E0A6264BD3350064456F /* UIFont+TWAdd.h */,
				A980E0AC264BD3350064456F /* UIFont+TWAdd.m */,
				A980E0AD264BD3350064456F /* UIView+TWAdd.h */,
				A980E0A5264BD3350064456F /* UIView+TWAdd.m */,
				A980E0A9264BD3350064456F /* UITableViewCell+TWAdd.h */,
				A980E0AE264BD3350064456F /* UITableViewCell+TWAdd.m */,
			);
			path = Categories;
			sourceTree = "<group>";
		};
		A980E0C8264BD3D80064456F /* Base */ = {
			isa = PBXGroup;
			children = (
				A980E0CA264BD3D80064456F /* TWAppMacro.h */,
				A980E0CD264BD3D80064456F /* TWAPPConfig.h */,
				A980E0CB264BD3D80064456F /* TWCommonUtils.h */,
				A980E0CE264BD3D80064456F /* TWCommonUtils.m */,
				A980E0CC264BD3D80064456F /* TWProgressHD.h */,
				A980E0C9264BD3D80064456F /* TWProgressHD.m */,
			);
			path = Base;
			sourceTree = "<group>";
		};
		A980E0D4264BDA080064456F /* API */ = {
			isa = PBXGroup;
			children = (
				A980E0D5264BDA080064456F /* TWAppRequest.h */,
				A980E0D6264BDA080064456F /* TWAppRequest.m */,
			);
			path = API;
			sourceTree = "<group>";
		};
		ECBC3B68DCC1070D65B72DE5 /* Pods */ = {
			isa = PBXGroup;
			children = (
				C7657D1D3325EAC856F3A9D4 /* Pods-TWUtilsDemo.debug.xcconfig */,
				5A7D5C0A8F9205EB18BDE03A /* Pods-TWUtilsDemo.release.xcconfig */,
			);
			path = Pods;
			sourceTree = "<group>";
		};
/* End PBXGroup section */

/* Begin PBXNativeTarget section */
		A980E064264BC3D60064456F /* TWUtilsDemo */ = {
			isa = PBXNativeTarget;
			buildConfigurationList = A980E07E264BC3DD0064456F /* Build configuration list for PBXNativeTarget "TWUtilsDemo" */;
			buildPhases = (
				1ECF90E306C0CD19A8968DA0 /* [CP] Check Pods Manifest.lock */,
				A980E061264BC3D60064456F /* Sources */,
				A980E062264BC3D60064456F /* Frameworks */,
				A980E063264BC3D60064456F /* Resources */,
				552C0F68E8E89213F1927C96 /* [CP] Embed Pods Frameworks */,
			);
			buildRules = (
			);
			dependencies = (
			);
			name = TWUtilsDemo;
			productName = TWUtilsDemo;
			productReference = A980E065264BC3D60064456F /* TWUtilsDemo.app */;
			productType = "com.apple.product-type.application";
		};
/* End PBXNativeTarget section */

/* Begin PBXProject section */
		A980E05D264BC3D60064456F /* Project object */ = {
			isa = PBXProject;
			attributes = {
				LastUpgradeCheck = 1240;
				TargetAttributes = {
					A980E064264BC3D60064456F = {
						CreatedOnToolsVersion = 12.4;
					};
				};
			};
			buildConfigurationList = A980E060264BC3D60064456F /* Build configuration list for PBXProject "TWUtilsDemo" */;
			compatibilityVersion = "Xcode 9.3";
			developmentRegion = en;
			hasScannedForEncodings = 0;
			knownRegions = (
				en,
				Base,
			);
			mainGroup = A980E05C264BC3D60064456F;
			productRefGroup = A980E066264BC3D60064456F /* Products */;
			projectDirPath = "";
			projectRoot = "";
			targets = (
				A980E064264BC3D60064456F /* TWUtilsDemo */,
			);
		};
/* End PBXProject section */

/* Begin PBXResourcesBuildPhase section */
		A980E063264BC3D60064456F /* Resources */ = {
			isa = PBXResourcesBuildPhase;
			buildActionMask = 2147483647;
			files = (
				A980E078264BC3DD0064456F /* LaunchScreen.storyboard in Resources */,
				A980E075264BC3DD0064456F /* Assets.xcassets in Resources */,
				A980E073264BC3D70064456F /* Main.storyboard in Resources */,
			);
			runOnlyForDeploymentPostprocessing = 0;
		};
/* End PBXResourcesBuildPhase section */

/* Begin PBXShellScriptBuildPhase section */
		1ECF90E306C0CD19A8968DA0 /* [CP] Check Pods Manifest.lock */ = {
			isa = PBXShellScriptBuildPhase;
			buildActionMask = 2147483647;
			files = (
			);
			inputFileListPaths = (
			);
			inputPaths = (
				"${PODS_PODFILE_DIR_PATH}/Podfile.lock",
				"${PODS_ROOT}/Manifest.lock",
			);
			name = "[CP] Check Pods Manifest.lock";
			outputFileListPaths = (
			);
			outputPaths = (
				"$(DERIVED_FILE_DIR)/Pods-TWUtilsDemo-checkManifestLockResult.txt",
			);
			runOnlyForDeploymentPostprocessing = 0;
			shellPath = /bin/sh;
			shellScript = "diff \"${PODS_PODFILE_DIR_PATH}/Podfile.lock\" \"${PODS_ROOT}/Manifest.lock\" > /dev/null\nif [ $? != 0 ] ; then\n    # print error to STDERR\n    echo \"error: The sandbox is not in sync with the Podfile.lock. Run 'pod install' or update your CocoaPods installation.\" >&2\n    exit 1\nfi\n# This output is used by Xcode 'outputs' to avoid re-running this script phase.\necho \"SUCCESS\" > \"${SCRIPT_OUTPUT_FILE_0}\"\n";
			showEnvVarsInLog = 0;
		};
		552C0F68E8E89213F1927C96 /* [CP] Embed Pods Frameworks */ = {
			isa = PBXShellScriptBuildPhase;
			buildActionMask = 2147483647;
			files = (
			);
			inputFileListPaths = (
				"${PODS_ROOT}/Target Support Files/Pods-TWUtilsDemo/Pods-TWUtilsDemo-frameworks-${CONFIGURATION}-input-files.xcfilelist",
			);
			name = "[CP] Embed Pods Frameworks";
			outputFileListPaths = (
				"${PODS_ROOT}/Target Support Files/Pods-TWUtilsDemo/Pods-TWUtilsDemo-frameworks-${CONFIGURATION}-output-files.xcfilelist",
			);
			runOnlyForDeploymentPostprocessing = 0;
			shellPath = /bin/sh;
			shellScript = "\"${PODS_ROOT}/Target Support Files/Pods-TWUtilsDemo/Pods-TWUtilsDemo-frameworks.sh\"\n";
			showEnvVarsInLog = 0;
		};
/* End PBXShellScriptBuildPhase section */

/* Begin PBXSourcesBuildPhase section */
		A980E061264BC3D60064456F /* Sources */ = {
			isa = PBXSourcesBuildPhase;
			buildActionMask = 2147483647;
			files = (
				A980E0B6264BD3350064456F /* NSArray+TWAdd.m in Sources */,
				A980E0B8264BD3350064456F /* UITableViewCell+TWAdd.m in Sources */,
				A980E070264BC3D70064456F /* ViewController.m in Sources */,
				A980E06A264BC3D60064456F /* AppDelegate.m in Sources */,
				A980E0CF264BD3D80064456F /* TWProgressHD.m in Sources */,
				A980E0B5264BD3350064456F /* UIColor+TWAdd.m in Sources */,
				A980E07B264BC3DD0064456F /* main.m in Sources */,
				A980E0B9264BD3350064456F /* NSString+TWAdd.m in Sources */,
				A980E0B3264BD3350064456F /* UIView+TWAdd.m in Sources */,
				A980E0D7264BDA080064456F /* TWAppRequest.m in Sources */,
				A980E06D264BC3D70064456F /* SceneDelegate.m in Sources */,
				A980E0B4264BD3350064456F /* NSObject+TWAdd.m in Sources */,
				A980E0D0264BD3D80064456F /* TWCommonUtils.m in Sources */,
				A980E0B7264BD3350064456F /* UIFont+TWAdd.m in Sources */,
			);
			runOnlyForDeploymentPostprocessing = 0;
		};
/* End PBXSourcesBuildPhase section */

/* Begin PBXVariantGroup section */
		A980E071264BC3D70064456F /* Main.storyboard */ = {
			isa = PBXVariantGroup;
			children = (
				A980E072264BC3D70064456F /* Base */,
			);
			name = Main.storyboard;
			sourceTree = "<group>";
		};
		A980E076264BC3DD0064456F /* LaunchScreen.storyboard */ = {
			isa = PBXVariantGroup;
			children = (
				A980E077264BC3DD0064456F /* Base */,
			);
			name = LaunchScreen.storyboard;
			sourceTree = "<group>";
		};
/* End PBXVariantGroup section */

/* Begin XCBuildConfiguration section */
		A980E07C264BC3DD0064456F /* Debug */ = {
			isa = XCBuildConfiguration;
			buildSettings = {
				ALWAYS_SEARCH_USER_PATHS = NO;
				CLANG_ANALYZER_NONNULL = YES;
				CLANG_ANALYZER_NUMBER_OBJECT_CONVERSION = YES_AGGRESSIVE;
				CLANG_CXX_LANGUAGE_STANDARD = "gnu++14";
				CLANG_CXX_LIBRARY = "libc++";
				CLANG_ENABLE_MODULES = YES;
				CLANG_ENABLE_OBJC_ARC = YES;
				CLANG_ENABLE_OBJC_WEAK = YES;
				CLANG_WARN_BLOCK_CAPTURE_AUTORELEASING = YES;
				CLANG_WARN_BOOL_CONVERSION = YES;
				CLANG_WARN_COMMA = YES;
				CLANG_WARN_CONSTANT_CONVERSION = YES;
				CLANG_WARN_DEPRECATED_OBJC_IMPLEMENTATIONS = YES;
				CLANG_WARN_DIRECT_OBJC_ISA_USAGE = YES_ERROR;
				CLANG_WARN_DOCUMENTATION_COMMENTS = YES;
				CLANG_WARN_EMPTY_BODY = YES;
				CLANG_WARN_ENUM_CONVERSION = YES;
				CLANG_WARN_INFINITE_RECURSION = YES;
				CLANG_WARN_INT_CONVERSION = YES;
				CLANG_WARN_NON_LITERAL_NULL_CONVERSION = YES;
				CLANG_WARN_OBJC_IMPLICIT_RETAIN_SELF = YES;
				CLANG_WARN_OBJC_LITERAL_CONVERSION = YES;
				CLANG_WARN_OBJC_ROOT_CLASS = YES_ERROR;
				CLANG_WARN_QUOTED_INCLUDE_IN_FRAMEWORK_HEADER = YES;
				CLANG_WARN_RANGE_LOOP_ANALYSIS = YES;
				CLANG_WARN_STRICT_PROTOTYPES = YES;
				CLANG_WARN_SUSPICIOUS_MOVE = YES;
				CLANG_WARN_UNGUARDED_AVAILABILITY = YES_AGGRESSIVE;
				CLANG_WARN_UNREACHABLE_CODE = YES;
				CLANG_WARN__DUPLICATE_METHOD_MATCH = YES;
				COPY_PHASE_STRIP = NO;
				DEBUG_INFORMATION_FORMAT = dwarf;
				ENABLE_STRICT_OBJC_MSGSEND = YES;
				ENABLE_TESTABILITY = YES;
				GCC_C_LANGUAGE_STANDARD = gnu11;
				GCC_DYNAMIC_NO_PIC = NO;
				GCC_NO_COMMON_BLOCKS = YES;
				GCC_OPTIMIZATION_LEVEL = 0;
				GCC_PREPROCESSOR_DEFINITIONS = (
					"DEBUG=1",
					"$(inherited)",
				);
				GCC_WARN_64_TO_32_BIT_CONVERSION = YES;
				GCC_WARN_ABOUT_RETURN_TYPE = YES_ERROR;
				GCC_WARN_UNDECLARED_SELECTOR = YES;
				GCC_WARN_UNINITIALIZED_AUTOS = YES_AGGRESSIVE;
				GCC_WARN_UNUSED_FUNCTION = YES;
				GCC_WARN_UNUSED_VARIABLE = YES;
				IPHONEOS_DEPLOYMENT_TARGET = 14.4;
				MTL_ENABLE_DEBUG_INFO = INCLUDE_SOURCE;
				MTL_FAST_MATH = YES;
				ONLY_ACTIVE_ARCH = YES;
				SDKROOT = iphoneos;
			};
			name = Debug;
		};
		A980E07D264BC3DD0064456F /* Release */ = {
			isa = XCBuildConfiguration;
			buildSettings = {
				ALWAYS_SEARCH_USER_PATHS = NO;
				CLANG_ANALYZER_NONNULL = YES;
				CLANG_ANALYZER_NUMBER_OBJECT_CONVERSION = YES_AGGRESSIVE;
				CLANG_CXX_LANGUAGE_STANDARD = "gnu++14";
				CLANG_CXX_LIBRARY = "libc++";
				CLANG_ENABLE_MODULES = YES;
				CLANG_ENABLE_OBJC_ARC = YES;
				CLANG_ENABLE_OBJC_WEAK = YES;
				CLANG_WARN_BLOCK_CAPTURE_AUTORELEASING = YES;
				CLANG_WARN_BOOL_CONVERSION = YES;
				CLANG_WARN_COMMA = YES;
				CLANG_WARN_CONSTANT_CONVERSION = YES;
				CLANG_WARN_DEPRECATED_OBJC_IMPLEMENTATIONS = YES;
				CLANG_WARN_DIRECT_OBJC_ISA_USAGE = YES_ERROR;
				CLANG_WARN_DOCUMENTATION_COMMENTS = YES;
				CLANG_WARN_EMPTY_BODY = YES;
				CLANG_WARN_ENUM_CONVERSION = YES;
				CLANG_WARN_INFINITE_RECURSION = YES;
				CLANG_WARN_INT_CONVERSION = YES;
				CLANG_WARN_NON_LITERAL_NULL_CONVERSION = YES;
				CLANG_WARN_OBJC_IMPLICIT_RETAIN_SELF = YES;
				CLANG_WARN_OBJC_LITERAL_CONVERSION = YES;
				CLANG_WARN_OBJC_ROOT_CLASS = YES_ERROR;
				CLANG_WARN_QUOTED_INCLUDE_IN_FRAMEWORK_HEADER = YES;
				CLANG_WARN_RANGE_LOOP_ANALYSIS = YES;
				CLANG_WARN_STRICT_PROTOTYPES = YES;
				CLANG_WARN_SUSPICIOUS_MOVE = YES;
				CLANG_WARN_UNGUARDED_AVAILABILITY = YES_AGGRESSIVE;
				CLANG_WARN_UNREACHABLE_CODE = YES;
				CLANG_WARN__DUPLICATE_METHOD_MATCH = YES;
				COPY_PHASE_STRIP = NO;
				DEBUG_INFORMATION_FORMAT = "dwarf-with-dsym";
				ENABLE_NS_ASSERTIONS = NO;
				ENABLE_STRICT_OBJC_MSGSEND = YES;
				GCC_C_LANGUAGE_STANDARD = gnu11;
				GCC_NO_COMMON_BLOCKS = YES;
				GCC_WARN_64_TO_32_BIT_CONVERSION = YES;
				GCC_WARN_ABOUT_RETURN_TYPE = YES_ERROR;
				GCC_WARN_UNDECLARED_SELECTOR = YES;
				GCC_WARN_UNINITIALIZED_AUTOS = YES_AGGRESSIVE;
				GCC_WARN_UNUSED_FUNCTION = YES;
				GCC_WARN_UNUSED_VARIABLE = YES;
				IPHONEOS_DEPLOYMENT_TARGET = 14.4;
				MTL_ENABLE_DEBUG_INFO = NO;
				MTL_FAST_MATH = YES;
				SDKROOT = iphoneos;
				VALIDATE_PRODUCT = YES;
			};
			name = Release;
		};
		A980E07F264BC3DD0064456F /* Debug */ = {
			isa = XCBuildConfiguration;
			baseConfigurationReference = C7657D1D3325EAC856F3A9D4 /* Pods-TWUtilsDemo.debug.xcconfig */;
			buildSettings = {
				ASSETCATALOG_COMPILER_APPICON_NAME = AppIcon;
				ASSETCATALOG_COMPILER_GLOBAL_ACCENT_COLOR_NAME = AccentColor;
				CODE_SIGN_STYLE = Automatic;
				DEVELOPMENT_TEAM = B2L7KLKHS5;
				INFOPLIST_FILE = TWUtilsDemo/Info.plist;
				LD_RUNPATH_SEARCH_PATHS = (
					"$(inherited)",
					"@executable_path/Frameworks",
				);
				PRODUCT_BUNDLE_IDENTIFIER = com.skytang.TWUtilsDemo;
				PRODUCT_NAME = "$(TARGET_NAME)";
				TARGETED_DEVICE_FAMILY = "1,2";
			};
			name = Debug;
		};
		A980E080264BC3DD0064456F /* Release */ = {
			isa = XCBuildConfiguration;
			baseConfigurationReference = 5A7D5C0A8F9205EB18BDE03A /* Pods-TWUtilsDemo.release.xcconfig */;
			buildSettings = {
				ASSETCATALOG_COMPILER_APPICON_NAME = AppIcon;
				ASSETCATALOG_COMPILER_GLOBAL_ACCENT_COLOR_NAME = AccentColor;
				CODE_SIGN_STYLE = Automatic;
				DEVELOPMENT_TEAM = B2L7KLKHS5;
				INFOPLIST_FILE = TWUtilsDemo/Info.plist;
				LD_RUNPATH_SEARCH_PATHS = (
					"$(inherited)",
					"@executable_path/Frameworks",
				);
				PRODUCT_BUNDLE_IDENTIFIER = com.skytang.TWUtilsDemo;
				PRODUCT_NAME = "$(TARGET_NAME)";
				TARGETED_DEVICE_FAMILY = "1,2";
			};
			name = Release;
		};
/* End XCBuildConfiguration section */

/* Begin XCConfigurationList section */
		A980E060264BC3D60064456F /* Build configuration list for PBXProject "TWUtilsDemo" */ = {
			isa = XCConfigurationList;
			buildConfigurations = (
				A980E07C264BC3DD0064456F /* Debug */,
				A980E07D264BC3DD0064456F /* Release */,
			);
			defaultConfigurationIsVisible = 0;
			defaultConfigurationName = Release;
		};
		A980E07E264BC3DD0064456F /* Build configuration list for PBXNativeTarget "TWUtilsDemo" */ = {
			isa = XCConfigurationList;
			buildConfigurations = (
				A980E07F264BC3DD0064456F /* Debug */,
				A980E080264BC3DD0064456F /* Release */,
			);
			defaultConfigurationIsVisible = 0;
			defaultConfigurationName = Release;
		};
/* End XCConfigurationList section */
	};
	rootObject = A980E05D264BC3D60064456F /* Project object */;
}
